
Microsoft Visual Studio Solution File, Format Version 12.00
# Visual Studio Version 17
VisualStudioVersion = 17.14.36408.4
MinimumVisualStudioVersion = 10.0.40219.1
Project("{FAE04EC0-301F-11D3-BF4B-00C04F79EFBC}") = "TestingPlatform", "TestingPlatform\TestingPlatform.csproj", "{8245CC02-6528-48C0-8F0B-C1371E02C395}"
EndProject
Global
	GlobalSection(SolutionConfigurationPlatforms) = preSolution
		Debug|Any CPU = Debug|Any CPU
		Release|Any CPU = Release|Any CPU
	EndGlobalSection
	GlobalSection(ProjectConfigurationPlatforms) = postSolution
		{8245CC02-6528-48C0-8F0B-C1371E02C395}.Debug|Any CPU.ActiveCfg = Debug|Any CPU
		{8245CC02-6528-48C0-8F0B-C1371E02C395}.Debug|Any CPU.Build.0 = Debug|Any CPU
		{8245CC02-6528-48C0-8F0B-C1371E02C395}.Release|Any CPU.ActiveCfg = Release|Any CPU
		{8245CC02-6528-48C0-8F0B-C1371E02C395}.Release|Any CPU.Build.0 = Release|Any CPU
	EndGlobalSection
	GlobalSection(SolutionProperties) = preSolution
		HideSolutionNode = FALSE
	EndGlobalSection
	GlobalSection(ExtensibilityGlobals) = postSolution
		SolutionGuid = {E5228829-955B-4F73-992F-CA1B9DD94688}
	EndGlobalSection
EndGlobal
